
Microsoft Visual Studio Solution File, Format Version 12.00
# Visual Studio Version 16
VisualStudioVersion = 16.0.29418.71
MinimumVisualStudioVersion = 10.0.40219.1
Project("{9A19103F-16F7-4668-BE54-9A1E7A4F7556}") = "Euclid", "Euclid\Euclid.csproj", "{9B4ED829-E4E3-44BC-A518-344745EFD48B}"
EndProject
Project("{9A19103F-16F7-4668-BE54-9A1E7A4F7556}") = "Euclid.Storage", "Euclid.Storage\Euclid.Storage.csproj", "{B981244B-BDB9-4A5B-9C08-59D2069FF174}"
EndProject
Project("{9A19103F-16F7-4668-BE54-9A1E7A4F7556}") = "Plugin.Example", "Euclid.Plugin.Example\Plugin.Example.csproj", "{D4C2996F-48AE-4F94-85F0-37D672E8DDCE}"
EndProject
Global
	GlobalSection(SolutionConfigurationPlatforms) = preSolution
		Debug|Any CPU = Debug|Any CPU
		Release|Any CPU = Release|Any CPU
	EndGlobalSection
	GlobalSection(ProjectConfigurationPlatforms) = postSolution
		{9B4ED829-E4E3-44BC-A518-344745EFD48B}.Debug|Any CPU.ActiveCfg = Debug|Any CPU
		{9B4ED829-E4E3-44BC-A518-344745EFD48B}.Debug|Any CPU.Build.0 = Debug|Any CPU
		{9B4ED829-E4E3-44BC-A518-344745EFD48B}.Release|Any CPU.ActiveCfg = Release|Any CPU
		{9B4ED829-E4E3-44BC-A518-344745EFD48B}.Release|Any CPU.Build.0 = Release|Any CPU
		{B981244B-BDB9-4A5B-9C08-59D2069FF174}.Debug|Any CPU.ActiveCfg = Debug|Any CPU
		{B981244B-BDB9-4A5B-9C08-59D2069FF174}.Debug|Any CPU.Build.0 = Debug|Any CPU
		{B981244B-BDB9-4A5B-9C08-59D2069FF174}.Release|Any CPU.ActiveCfg = Release|Any CPU
		{B981244B-BDB9-4A5B-9C08-59D2069FF174}.Release|Any CPU.Build.0 = Release|Any CPU
		{D4C2996F-48AE-4F94-85F0-37D672E8DDCE}.Debug|Any CPU.ActiveCfg = Debug|Any CPU
		{D4C2996F-48AE-4F94-85F0-37D672E8DDCE}.Debug|Any CPU.Build.0 = Debug|Any CPU
		{D4C2996F-48AE-4F94-85F0-37D672E8DDCE}.Release|Any CPU.ActiveCfg = Release|Any CPU
		{D4C2996F-48AE-4F94-85F0-37D672E8DDCE}.Release|Any CPU.Build.0 = Release|Any CPU
	EndGlobalSection
	GlobalSection(SolutionProperties) = preSolution
		HideSolutionNode = FALSE
	EndGlobalSection
	GlobalSection(ExtensibilityGlobals) = postSolution
		SolutionGuid = {2119A170-29FE-44D1-91BB-9664596C24E2}
	EndGlobalSection
EndGlobal
